
Microsoft Visual Studio Solution File, Format Version 12.00
# Visual Studio Version 16
VisualStudioVersion = 16.0.30717.126
MinimumVisualStudioVersion = 10.0.40219.1
Project("{8BC9CEB8-8B4A-11D0-8D11-00A0C91BC942}") = "RealOrbit2", "RealOrbit2.vcxproj", "{D2E4284F-86A8-47AD-9AF0-4B97DD2763C8}"
EndProject
Global
	GlobalSection(SolutionConfigurationPlatforms) = preSolution
		Debug|x64 = Debug|x64
		Debug|x86 = Debug|x86
		Release|x64 = Release|x64
		Release|x86 = Release|x86
	EndGlobalSection
	GlobalSection(ProjectConfigurationPlatforms) = postSolution
		{D2E4284F-86A8-47AD-9AF0-4B97DD2763C8}.Debug|x64.ActiveCfg = Debug|x64
		{D2E4284F-86A8-47AD-9AF0-4B97DD2763C8}.Debug|x64.Build.0 = Debug|x64
		{D2E4284F-86A8-47AD-9AF0-4B97DD2763C8}.Debug|x86.ActiveCfg = Debug|Win32
		{D2E4284F-86A8-47AD-9AF0-4B97DD2763C8}.Debug|x86.Build.0 = Debug|Win32
		{D2E4284F-86A8-47AD-9AF0-4B97DD2763C8}.Release|x64.ActiveCfg = Release|x64
		{D2E4284F-86A8-47AD-9AF0-4B97DD2763C8}.Release|x64.Build.0 = Release|x64
		{D2E4284F-86A8-47AD-9AF0-4B97DD2763C8}.Release|x86.ActiveCfg = Release|Win32
		{D2E4284F-86A8-47AD-9AF0-4B97DD2763C8}.Release|x86.Build.0 = Release|Win32
	EndGlobalSection
	GlobalSection(SolutionProperties) = preSolution
		HideSolutionNode = FALSE
	EndGlobalSection
	GlobalSection(ExtensibilityGlobals) = postSolution
		SolutionGuid = {1BE32647-A0AB-4B9A-B566-1438D9BCAEE3}
	EndGlobalSection
EndGlobal
